
Microsoft Visual Studio Solution File, Format Version 12.00
# Visual Studio 15
VisualStudioVersion = 15.0.28307.572
MinimumVisualStudioVersion = 10.0.40219.1
Project("{FAE04EC0-301F-11D3-BF4B-00C04F79EFBC}") = "HexDumper", "HexDumper\HexDumper.csproj", "{13D63F23-62E2-4739-B09A-3913433C0B07}"
EndProject
Global
	GlobalSection(SolutionConfigurationPlatforms) = preSolution
		Debug|Any CPU = Debug|Any CPU
		Release|Any CPU = Release|Any CPU
	EndGlobalSection
	GlobalSection(ProjectConfigurationPlatforms) = postSolution
		{13D63F23-62E2-4739-B09A-3913433C0B07}.Debug|Any CPU.ActiveCfg = Debug|Any CPU
		{13D63F23-62E2-4739-B09A-3913433C0B07}.Debug|Any CPU.Build.0 = Debug|Any CPU
		{13D63F23-62E2-4739-B09A-3913433C0B07}.Release|Any CPU.ActiveCfg = Release|Any CPU
		{13D63F23-62E2-4739-B09A-3913433C0B07}.Release|Any CPU.Build.0 = Release|Any CPU
	EndGlobalSection
	GlobalSection(SolutionProperties) = preSolution
		HideSolutionNode = FALSE
	EndGlobalSection
	GlobalSection(ExtensibilityGlobals) = postSolution
		SolutionGuid = {00D0CC70-5549-4DB2-93E2-650F5B6C9D34}
	EndGlobalSection
EndGlobal
